
Microsoft Visual Studio Solution File, Format Version 12.00
# Visual Studio Version 17
VisualStudioVersion = 17.6.33723.286
MinimumVisualStudioVersion = 10.0.40219.1
Project("{2150E333-8FDC-42A3-9474-1A3956D46DE8}") = "Frontends", "Frontends", "{5E32FB78-3A30-4639-8D02-71AC8861F1E3}"
EndProject
Project("{2150E333-8FDC-42A3-9474-1A3956D46DE8}") = "Services", "Services", "{BB3F446A-236B-4AA7-8B2C-803AFCA82AE9}"
EndProject
Project("{2150E333-8FDC-42A3-9474-1A3956D46DE8}") = "Catalog", "Catalog", "{565520D7-619C-4080-8F5C-6209A7F0300E}"
EndProject
Project("{2150E333-8FDC-42A3-9474-1A3956D46DE8}") = "Basket", "Basket", "{CDED6E00-7327-4C11-9A01-8A5C7099A96C}"
EndProject
Project("{2150E333-8FDC-42A3-9474-1A3956D46DE8}") = "Order", "Order", "{5D47E7CD-B3F5-4468-8AF1-E059922E0FB9}"
EndProject
Project("{2150E333-8FDC-42A3-9474-1A3956D46DE8}") = "Discount", "Discount", "{E9CCDE0F-FCF9-4352-AA23-338B97D8BF3A}"
EndProject
Project("{2150E333-8FDC-42A3-9474-1A3956D46DE8}") = "Payment", "Payment", "{912C7257-3725-4DB6-A14C-A8D985A6D73A}"
EndProject
Project("{2150E333-8FDC-42A3-9474-1A3956D46DE8}") = "Gateways", "Gateways", "{ACFEA68E-26D5-4DCC-AB4B-9CDA0EF260AA}"
EndProject
Project("{2150E333-8FDC-42A3-9474-1A3956D46DE8}") = "ToDo", "ToDo", "{1ACB514C-F1AB-4FE3-8BF4-53C729AF8C78}"
EndProject
Project("{2150E333-8FDC-42A3-9474-1A3956D46DE8}") = "Cargo", "Cargo", "{33FD1F07-1F48-42B3-9169-5F0B4A994741}"
EndProject
Project("{9A19103F-16F7-4668-BE54-9A1E7A4F7556}") = "CasgemMicroservices.Basket", "Services\Basket\CasgemMicroservices.Basket\CasgemMicroservices.Basket.csproj", "{5794C60E-0FFD-4EC3-9F77-E3305ED3A09B}"
EndProject
Project("{9A19103F-16F7-4668-BE54-9A1E7A4F7556}") = "CasgemMicroservices.Discount", "Services\Discount\CasgemMicroservices.Discount\CasgemMicroservices.Discount.csproj", "{CE30FA2A-AD0D-4894-948A-4F5491C4EB84}"
EndProject
Project("{9A19103F-16F7-4668-BE54-9A1E7A4F7556}") = "CasgemMicroservices.Order", "Services\Order\CasgemMicroservices.Order\CasgemMicroservices.Order.csproj", "{6C42B4E1-1B3A-4138-990E-F13BE60A3259}"
EndProject
Project("{9A19103F-16F7-4668-BE54-9A1E7A4F7556}") = "CasgemMicroservices.Cargo", "Services\Cargo\CasgemMicroservices.Cargo\CasgemMicroservices.Cargo.csproj", "{C2DA22BF-E43A-4252-8C52-B65634F724DA}"
EndProject
Project("{9A19103F-16F7-4668-BE54-9A1E7A4F7556}") = "CasgemMicroservices.Payment", "Services\Payment\CasgemMicroservices.Payment\CasgemMicroservices.Payment.csproj", "{BF114C44-C201-43A5-B942-A6D0F9DBD87D}"
EndProject
Project("{FAE04EC0-301F-11D3-BF4B-00C04F79EFBC}") = "Microservices.Catalog", "Microservices.Catalog\Microservices.Catalog.csproj", "{333C4495-8344-42D2-A850-5CD903BC8E16}"
EndProject
Project("{2150E333-8FDC-42A3-9474-1A3956D46DE8}") = "Shared", "Shared", "{357A9260-2860-4809-B45C-54CA47CB4E10}"
EndProject
Project("{FAE04EC0-301F-11D3-BF4B-00C04F79EFBC}") = "MicroServices.Shared", "MicroServices.Shared\MicroServices.Shared.csproj", "{92EFAD1B-DA51-4F11-921D-636F36709EB5}"
EndProject
Global
	GlobalSection(SolutionConfigurationPlatforms) = preSolution
		Debug|Any CPU = Debug|Any CPU
		Release|Any CPU = Release|Any CPU
	EndGlobalSection
	GlobalSection(ProjectConfigurationPlatforms) = postSolution
		{5794C60E-0FFD-4EC3-9F77-E3305ED3A09B}.Debug|Any CPU.ActiveCfg = Debug|Any CPU
		{5794C60E-0FFD-4EC3-9F77-E3305ED3A09B}.Debug|Any CPU.Build.0 = Debug|Any CPU
		{5794C60E-0FFD-4EC3-9F77-E3305ED3A09B}.Release|Any CPU.ActiveCfg = Release|Any CPU
		{5794C60E-0FFD-4EC3-9F77-E3305ED3A09B}.Release|Any CPU.Build.0 = Release|Any CPU
		{CE30FA2A-AD0D-4894-948A-4F5491C4EB84}.Debug|Any CPU.ActiveCfg = Debug|Any CPU
		{CE30FA2A-AD0D-4894-948A-4F5491C4EB84}.Debug|Any CPU.Build.0 = Debug|Any CPU
		{CE30FA2A-AD0D-4894-948A-4F5491C4EB84}.Release|Any CPU.ActiveCfg = Release|Any CPU
		{CE30FA2A-AD0D-4894-948A-4F5491C4EB84}.Release|Any CPU.Build.0 = Release|Any CPU
		{6C42B4E1-1B3A-4138-990E-F13BE60A3259}.Debug|Any CPU.ActiveCfg = Debug|Any CPU
		{6C42B4E1-1B3A-4138-990E-F13BE60A3259}.Debug|Any CPU.Build.0 = Debug|Any CPU
		{6C42B4E1-1B3A-4138-990E-F13BE60A3259}.Release|Any CPU.ActiveCfg = Release|Any CPU
		{6C42B4E1-1B3A-4138-990E-F13BE60A3259}.Release|Any CPU.Build.0 = Release|Any CPU
		{C2DA22BF-E43A-4252-8C52-B65634F724DA}.Debug|Any CPU.ActiveCfg = Debug|Any CPU
		{C2DA22BF-E43A-4252-8C52-B65634F724DA}.Debug|Any CPU.Build.0 = Debug|Any CPU
		{C2DA22BF-E43A-4252-8C52-B65634F724DA}.Release|Any CPU.ActiveCfg = Release|Any CPU
		{C2DA22BF-E43A-4252-8C52-B65634F724DA}.Release|Any CPU.Build.0 = Release|Any CPU
		{BF114C44-C201-43A5-B942-A6D0F9DBD87D}.Debug|Any CPU.ActiveCfg = Debug|Any CPU
		{BF114C44-C201-43A5-B942-A6D0F9DBD87D}.Debug|Any CPU.Build.0 = Debug|Any CPU
		{BF114C44-C201-43A5-B942-A6D0F9DBD87D}.Release|Any CPU.ActiveCfg = Release|Any CPU
		{BF114C44-C201-43A5-B942-A6D0F9DBD87D}.Release|Any CPU.Build.0 = Release|Any CPU
		{333C4495-8344-42D2-A850-5CD903BC8E16}.Debug|Any CPU.ActiveCfg = Debug|Any CPU
		{333C4495-8344-42D2-A850-5CD903BC8E16}.Debug|Any CPU.Build.0 = Debug|Any CPU
		{333C4495-8344-42D2-A850-5CD903BC8E16}.Release|Any CPU.ActiveCfg = Release|Any CPU
		{333C4495-8344-42D2-A850-5CD903BC8E16}.Release|Any CPU.Build.0 = Release|Any CPU
		{92EFAD1B-DA51-4F11-921D-636F36709EB5}.Debug|Any CPU.ActiveCfg = Debug|Any CPU
		{92EFAD1B-DA51-4F11-921D-636F36709EB5}.Debug|Any CPU.Build.0 = Debug|Any CPU
		{92EFAD1B-DA51-4F11-921D-636F36709EB5}.Release|Any CPU.ActiveCfg = Release|Any CPU
		{92EFAD1B-DA51-4F11-921D-636F36709EB5}.Release|Any CPU.Build.0 = Release|Any CPU
	EndGlobalSection
	GlobalSection(SolutionProperties) = preSolution
		HideSolutionNode = FALSE
	EndGlobalSection
	GlobalSection(NestedProjects) = preSolution
		{565520D7-619C-4080-8F5C-6209A7F0300E} = {BB3F446A-236B-4AA7-8B2C-803AFCA82AE9}
		{CDED6E00-7327-4C11-9A01-8A5C7099A96C} = {BB3F446A-236B-4AA7-8B2C-803AFCA82AE9}
		{5D47E7CD-B3F5-4468-8AF1-E059922E0FB9} = {BB3F446A-236B-4AA7-8B2C-803AFCA82AE9}
		{E9CCDE0F-FCF9-4352-AA23-338B97D8BF3A} = {BB3F446A-236B-4AA7-8B2C-803AFCA82AE9}
		{912C7257-3725-4DB6-A14C-A8D985A6D73A} = {BB3F446A-236B-4AA7-8B2C-803AFCA82AE9}
		{33FD1F07-1F48-42B3-9169-5F0B4A994741} = {BB3F446A-236B-4AA7-8B2C-803AFCA82AE9}
		{5794C60E-0FFD-4EC3-9F77-E3305ED3A09B} = {CDED6E00-7327-4C11-9A01-8A5C7099A96C}
		{CE30FA2A-AD0D-4894-948A-4F5491C4EB84} = {E9CCDE0F-FCF9-4352-AA23-338B97D8BF3A}
		{6C42B4E1-1B3A-4138-990E-F13BE60A3259} = {5D47E7CD-B3F5-4468-8AF1-E059922E0FB9}
		{C2DA22BF-E43A-4252-8C52-B65634F724DA} = {33FD1F07-1F48-42B3-9169-5F0B4A994741}
		{BF114C44-C201-43A5-B942-A6D0F9DBD87D} = {912C7257-3725-4DB6-A14C-A8D985A6D73A}
		{333C4495-8344-42D2-A850-5CD903BC8E16} = {565520D7-619C-4080-8F5C-6209A7F0300E}
		{92EFAD1B-DA51-4F11-921D-636F36709EB5} = {357A9260-2860-4809-B45C-54CA47CB4E10}
	EndGlobalSection
	GlobalSection(ExtensibilityGlobals) = postSolution
		SolutionGuid = {E2CBE65E-D1E0-4CC9-A8E0-0AD42DB71833}
	EndGlobalSection
EndGlobal
